
Microsoft Visual Studio Solution File, Format Version 12.00
# Visual Studio 2013
VisualStudioVersion = 12.0.31101.0
MinimumVisualStudioVersion = 10.0.40219.1
Project("{8BC9CEB8-8B4A-11D0-8D11-00A0C91BC942}") = "EasySimul", "EasySimul\EasySimul.vcxproj", "{0F631E16-9F7B-4859-9E9C-2F4C37740CD5}"
EndProject
Global
	GlobalSection(SolutionConfigurationPlatforms) = preSolution
		Debug|Win32 = Debug|Win32
		DebugRand|Win32 = DebugRand|Win32
		Release|Win32 = Release|Win32
	EndGlobalSection
	GlobalSection(ProjectConfigurationPlatforms) = postSolution
		{0F631E16-9F7B-4859-9E9C-2F4C37740CD5}.Debug|Win32.ActiveCfg = Debug|Win32
		{0F631E16-9F7B-4859-9E9C-2F4C37740CD5}.Debug|Win32.Build.0 = Debug|Win32
		{0F631E16-9F7B-4859-9E9C-2F4C37740CD5}.DebugRand|Win32.ActiveCfg = DebugRand|Win32
		{0F631E16-9F7B-4859-9E9C-2F4C37740CD5}.DebugRand|Win32.Build.0 = DebugRand|Win32
		{0F631E16-9F7B-4859-9E9C-2F4C37740CD5}.Release|Win32.ActiveCfg = Release|Win32
		{0F631E16-9F7B-4859-9E9C-2F4C37740CD5}.Release|Win32.Build.0 = Release|Win32
	EndGlobalSection
	GlobalSection(SolutionProperties) = preSolution
		HideSolutionNode = FALSE
	EndGlobalSection
EndGlobal
